
Microsoft Visual Studio Solution File, Format Version 12.00
# Visual Studio 15
Project("{FAE04EC0-301F-11D3-BF4B-00C04F79EFBC}") = "ProjMVVM_FlowerOnline.Android", "ProjMVVM_FlowerOnline.Android\ProjMVVM_FlowerOnline.Android.csproj", "{DDED1110-9EF2-469B-A986-5EF7C76E7038}"
EndProject
Project("{FAE04EC0-301F-11D3-BF4B-00C04F79EFBC}") = "ProjMVVM_FlowerOnline.iOS", "ProjMVVM_FlowerOnline.iOS\ProjMVVM_FlowerOnline.iOS.csproj", "{B1E05FB3-F364-4857-B3CB-21F376451359}"
EndProject
Project("{FAE04EC0-301F-11D3-BF4B-00C04F79EFBC}") = "ProjMVVM_FlowerOnline", "ProjMVVM_FlowerOnline\ProjMVVM_FlowerOnline.csproj", "{CA2EB3CB-E622-4F1E-BC68-91D88D4574B1}"
EndProject
Global
	GlobalSection(SolutionConfigurationPlatforms) = preSolution
		Debug|Any CPU = Debug|Any CPU
		Release|Any CPU = Release|Any CPU
		Debug|iPhoneSimulator = Debug|iPhoneSimulator
		Release|iPhoneSimulator = Release|iPhoneSimulator
		Debug|iPhone = Debug|iPhone
		Release|iPhone = Release|iPhone
	EndGlobalSection
	GlobalSection(ProjectConfigurationPlatforms) = postSolution
		{DDED1110-9EF2-469B-A986-5EF7C76E7038}.Debug|Any CPU.ActiveCfg = Debug|Any CPU
		{DDED1110-9EF2-469B-A986-5EF7C76E7038}.Debug|Any CPU.Build.0 = Debug|Any CPU
		{DDED1110-9EF2-469B-A986-5EF7C76E7038}.Release|Any CPU.ActiveCfg = Release|Any CPU
		{DDED1110-9EF2-469B-A986-5EF7C76E7038}.Release|Any CPU.Build.0 = Release|Any CPU
		{DDED1110-9EF2-469B-A986-5EF7C76E7038}.Debug|iPhoneSimulator.ActiveCfg = Debug|Any CPU
		{DDED1110-9EF2-469B-A986-5EF7C76E7038}.Debug|iPhoneSimulator.Build.0 = Debug|Any CPU
		{DDED1110-9EF2-469B-A986-5EF7C76E7038}.Release|iPhoneSimulator.ActiveCfg = Release|Any CPU
		{DDED1110-9EF2-469B-A986-5EF7C76E7038}.Release|iPhoneSimulator.Build.0 = Release|Any CPU
		{DDED1110-9EF2-469B-A986-5EF7C76E7038}.Debug|iPhone.ActiveCfg = Debug|Any CPU
		{DDED1110-9EF2-469B-A986-5EF7C76E7038}.Debug|iPhone.Build.0 = Debug|Any CPU
		{DDED1110-9EF2-469B-A986-5EF7C76E7038}.Release|iPhone.ActiveCfg = Release|Any CPU
		{DDED1110-9EF2-469B-A986-5EF7C76E7038}.Release|iPhone.Build.0 = Release|Any CPU
		{B1E05FB3-F364-4857-B3CB-21F376451359}.Debug|Any CPU.ActiveCfg = Debug|iPhoneSimulator
		{B1E05FB3-F364-4857-B3CB-21F376451359}.Debug|Any CPU.Build.0 = Debug|iPhoneSimulator
		{B1E05FB3-F364-4857-B3CB-21F376451359}.Release|Any CPU.ActiveCfg = Release|iPhoneSimulator
		{B1E05FB3-F364-4857-B3CB-21F376451359}.Release|Any CPU.Build.0 = Release|iPhoneSimulator
		{B1E05FB3-F364-4857-B3CB-21F376451359}.Debug|iPhoneSimulator.ActiveCfg = Debug|iPhoneSimulator
		{B1E05FB3-F364-4857-B3CB-21F376451359}.Debug|iPhoneSimulator.Build.0 = Debug|iPhoneSimulator
		{B1E05FB3-F364-4857-B3CB-21F376451359}.Release|iPhoneSimulator.ActiveCfg = Release|iPhoneSimulator
		{B1E05FB3-F364-4857-B3CB-21F376451359}.Release|iPhoneSimulator.Build.0 = Release|iPhoneSimulator
		{B1E05FB3-F364-4857-B3CB-21F376451359}.Debug|iPhone.ActiveCfg = Debug|iPhone
		{B1E05FB3-F364-4857-B3CB-21F376451359}.Debug|iPhone.Build.0 = Debug|iPhone
		{B1E05FB3-F364-4857-B3CB-21F376451359}.Release|iPhone.ActiveCfg = Release|iPhone
		{B1E05FB3-F364-4857-B3CB-21F376451359}.Release|iPhone.Build.0 = Release|iPhone
		{CA2EB3CB-E622-4F1E-BC68-91D88D4574B1}.Debug|Any CPU.ActiveCfg = Debug|Any CPU
		{CA2EB3CB-E622-4F1E-BC68-91D88D4574B1}.Debug|Any CPU.Build.0 = Debug|Any CPU
		{CA2EB3CB-E622-4F1E-BC68-91D88D4574B1}.Release|Any CPU.ActiveCfg = Release|Any CPU
		{CA2EB3CB-E622-4F1E-BC68-91D88D4574B1}.Release|Any CPU.Build.0 = Release|Any CPU
		{CA2EB3CB-E622-4F1E-BC68-91D88D4574B1}.Debug|iPhoneSimulator.ActiveCfg = Debug|Any CPU
		{CA2EB3CB-E622-4F1E-BC68-91D88D4574B1}.Debug|iPhoneSimulator.Build.0 = Debug|Any CPU
		{CA2EB3CB-E622-4F1E-BC68-91D88D4574B1}.Release|iPhoneSimulator.ActiveCfg = Release|Any CPU
		{CA2EB3CB-E622-4F1E-BC68-91D88D4574B1}.Release|iPhoneSimulator.Build.0 = Release|Any CPU
		{CA2EB3CB-E622-4F1E-BC68-91D88D4574B1}.Debug|iPhone.ActiveCfg = Debug|Any CPU
		{CA2EB3CB-E622-4F1E-BC68-91D88D4574B1}.Debug|iPhone.Build.0 = Debug|Any CPU
		{CA2EB3CB-E622-4F1E-BC68-91D88D4574B1}.Release|iPhone.ActiveCfg = Release|Any CPU
		{CA2EB3CB-E622-4F1E-BC68-91D88D4574B1}.Release|iPhone.Build.0 = Release|Any CPU
	EndGlobalSection
EndGlobal
